
Microsoft Visual Studio Solution File, Format Version 12.00
# Visual Studio 14
VisualStudioVersion = 14.0.23107.0
MinimumVisualStudioVersion = 10.0.40219.1
Project("{FAE04EC0-301F-11D3-BF4B-00C04F79EFBC}") = "DBSLibrary", "DBSLibrary\DBSLibrary.csproj", "{68045A48-2ED4-42D3-9A6B-EEA7D81539B8}"
EndProject
Project("{FAE04EC0-301F-11D3-BF4B-00C04F79EFBC}") = "Testing", "Testing\Testing.csproj", "{A9E8D5FC-0B34-4F38-8600-76394A2FB8C7}"
EndProject
Global
	GlobalSection(SolutionConfigurationPlatforms) = preSolution
		Debug|Any CPU = Debug|Any CPU
		Release|Any CPU = Release|Any CPU
	EndGlobalSection
	GlobalSection(ProjectConfigurationPlatforms) = postSolution
		{68045A48-2ED4-42D3-9A6B-EEA7D81539B8}.Debug|Any CPU.ActiveCfg = Debug|Any CPU
		{68045A48-2ED4-42D3-9A6B-EEA7D81539B8}.Debug|Any CPU.Build.0 = Debug|Any CPU
		{68045A48-2ED4-42D3-9A6B-EEA7D81539B8}.Release|Any CPU.ActiveCfg = Release|Any CPU
		{68045A48-2ED4-42D3-9A6B-EEA7D81539B8}.Release|Any CPU.Build.0 = Release|Any CPU
		{A9E8D5FC-0B34-4F38-8600-76394A2FB8C7}.Debug|Any CPU.ActiveCfg = Debug|Any CPU
		{A9E8D5FC-0B34-4F38-8600-76394A2FB8C7}.Debug|Any CPU.Build.0 = Debug|Any CPU
		{A9E8D5FC-0B34-4F38-8600-76394A2FB8C7}.Release|Any CPU.ActiveCfg = Release|Any CPU
		{A9E8D5FC-0B34-4F38-8600-76394A2FB8C7}.Release|Any CPU.Build.0 = Release|Any CPU
	EndGlobalSection
	GlobalSection(SolutionProperties) = preSolution
		HideSolutionNode = FALSE
	EndGlobalSection
EndGlobal
