
Microsoft Visual Studio Solution File, Format Version 12.00
# Visual Studio 15
VisualStudioVersion = 15.0.26403.3
MinimumVisualStudioVersion = 10.0.40219.1
Project("{FAE04EC0-301F-11D3-BF4B-00C04F79EFBC}") = "BettingProgram", "BettingProgram\BettingProgram.csproj", "{7A9D9512-E2E5-454A-BA36-92A102226397}"
EndProject
Project("{FAE04EC0-301F-11D3-BF4B-00C04F79EFBC}") = "TipsterUnitTesting", "TipsterUnitTesting\TipsterUnitTesting.csproj", "{186973DB-7DF9-4AF8-B9A2-6BC90A6D5BA6}"
EndProject
Global
	GlobalSection(SolutionConfigurationPlatforms) = preSolution
		Debug|Any CPU = Debug|Any CPU
		Release|Any CPU = Release|Any CPU
	EndGlobalSection
	GlobalSection(ProjectConfigurationPlatforms) = postSolution
		{7A9D9512-E2E5-454A-BA36-92A102226397}.Debug|Any CPU.ActiveCfg = Debug|Any CPU
		{7A9D9512-E2E5-454A-BA36-92A102226397}.Debug|Any CPU.Build.0 = Debug|Any CPU
		{7A9D9512-E2E5-454A-BA36-92A102226397}.Release|Any CPU.ActiveCfg = Release|Any CPU
		{7A9D9512-E2E5-454A-BA36-92A102226397}.Release|Any CPU.Build.0 = Release|Any CPU
		{186973DB-7DF9-4AF8-B9A2-6BC90A6D5BA6}.Debug|Any CPU.ActiveCfg = Debug|Any CPU
		{186973DB-7DF9-4AF8-B9A2-6BC90A6D5BA6}.Debug|Any CPU.Build.0 = Debug|Any CPU
		{186973DB-7DF9-4AF8-B9A2-6BC90A6D5BA6}.Release|Any CPU.ActiveCfg = Release|Any CPU
		{186973DB-7DF9-4AF8-B9A2-6BC90A6D5BA6}.Release|Any CPU.Build.0 = Release|Any CPU
	EndGlobalSection
	GlobalSection(SolutionProperties) = preSolution
		HideSolutionNode = FALSE
	EndGlobalSection
EndGlobal
